
Microsoft Visual Studio Solution File, Format Version 12.00
# Visual Studio 14
VisualStudioVersion = 14.0.25420.1
MinimumVisualStudioVersion = 10.0.40219.1
Project("{FAE04EC0-301F-11D3-BF4B-00C04F79EFBC}") = "FPTShop_Forum2", "FPTShop_Forum2\FPTShop_Forum2.csproj", "{BA075FF5-D176-469A-BBDA-D15F4BBEF544}"
EndProject
Project("{FAE04EC0-301F-11D3-BF4B-00C04F79EFBC}") = "Model", "Model\Model.csproj", "{A221F70C-3E04-4509-B74A-A468F0684FDE}"
EndProject
Project("{FAE04EC0-301F-11D3-BF4B-00C04F79EFBC}") = "Tools", "Tools\Tools.csproj", "{79AD8D60-F25B-4D77-8873-FF58F17DCAE2}"
EndProject
Global
	GlobalSection(SolutionConfigurationPlatforms) = preSolution
		Debug|Any CPU = Debug|Any CPU
		Release|Any CPU = Release|Any CPU
	EndGlobalSection
	GlobalSection(ProjectConfigurationPlatforms) = postSolution
		{BA075FF5-D176-469A-BBDA-D15F4BBEF544}.Debug|Any CPU.ActiveCfg = Debug|Any CPU
		{BA075FF5-D176-469A-BBDA-D15F4BBEF544}.Debug|Any CPU.Build.0 = Debug|Any CPU
		{BA075FF5-D176-469A-BBDA-D15F4BBEF544}.Release|Any CPU.ActiveCfg = Release|Any CPU
		{BA075FF5-D176-469A-BBDA-D15F4BBEF544}.Release|Any CPU.Build.0 = Release|Any CPU
		{A221F70C-3E04-4509-B74A-A468F0684FDE}.Debug|Any CPU.ActiveCfg = Debug|Any CPU
		{A221F70C-3E04-4509-B74A-A468F0684FDE}.Debug|Any CPU.Build.0 = Debug|Any CPU
		{A221F70C-3E04-4509-B74A-A468F0684FDE}.Release|Any CPU.ActiveCfg = Release|Any CPU
		{A221F70C-3E04-4509-B74A-A468F0684FDE}.Release|Any CPU.Build.0 = Release|Any CPU
		{79AD8D60-F25B-4D77-8873-FF58F17DCAE2}.Debug|Any CPU.ActiveCfg = Debug|Any CPU
		{79AD8D60-F25B-4D77-8873-FF58F17DCAE2}.Debug|Any CPU.Build.0 = Debug|Any CPU
		{79AD8D60-F25B-4D77-8873-FF58F17DCAE2}.Release|Any CPU.ActiveCfg = Release|Any CPU
		{79AD8D60-F25B-4D77-8873-FF58F17DCAE2}.Release|Any CPU.Build.0 = Release|Any CPU
	EndGlobalSection
	GlobalSection(SolutionProperties) = preSolution
		HideSolutionNode = FALSE
	EndGlobalSection
EndGlobal
